// !$*UTF8*$!
{
	archiveVersion = 1;
	classes = {
	};
	objectVersion = 50;
	objects = {

/* Begin PBXBuildFile section */
		EE7B9E1B256511130038FEF4 /* reverseArray.cpp in Sources */ = {isa = PBXBuildFile; fileRef = EE7B9E1A256511130038FEF4 /* reverseArray.cpp */; };
		EE80DEC1257A498D0032F7E3 /* main.cpp in Sources */ = {isa = PBXBuildFile; fileRef = EE80DEC0257A498D0032F7E3 /* main.cpp */; };
		EEACA1892572665C0001F48B /* main.cpp in Sources */ = {isa = PBXBuildFile; fileRef = EEACA1882572665C0001F48B /* main.cpp */; };
		EEACA1972572ACD80001F48B /* main.cpp in Sources */ = {isa = PBXBuildFile; fileRef = EEACA1962572ACD80001F48B /* main.cpp */; };
		EEC0DD3225655296008D5D4C /* minAndMax.cpp in Sources */ = {isa = PBXBuildFile; fileRef = EEC0DD3125655296008D5D4C /* minAndMax.cpp */; };
		EED28CF125736FA6001AA875 /* main.cpp in Sources */ = {isa = PBXBuildFile; fileRef = EED28CF025736FA6001AA875 /* main.cpp */; };
		EED28D0125737273001AA875 /* main.cpp in Sources */ = {isa = PBXBuildFile; fileRef = EED28D0025737273001AA875 /* main.cpp */; };
		EED28D122573B8A5001AA875 /* main.cpp in Sources */ = {isa = PBXBuildFile; fileRef = EED28D112573B8A5001AA875 /* main.cpp */; };
		EED28D462573DC98001AA875 /* main.cpp in Sources */ = {isa = PBXBuildFile; fileRef = EED28D452573DC98001AA875 /* main.cpp */; };
		EED28D5A25740265001AA875 /* main.cpp in Sources */ = {isa = PBXBuildFile; fileRef = EED28D5925740265001AA875 /* main.cpp */; };
/* End PBXBuildFile section */

/* Begin PBXBuildRule section */
		EEC0DD182565512B008D5D4C /* PBXBuildRule */ = {
			isa = PBXBuildRule;
			compilerSpec = com.apple.compilers.proxy.script;
			fileType = pattern.proxy;
			inputFiles = (
			);
			isEditable = 1;
			outputFiles = (
			);
			script = "# Type a script or drag a script file from your workspace to insert its path.\n";
		};
/* End PBXBuildRule section */

/* Begin PBXCopyFilesBuildPhase section */
		EE7B9E15256511130038FEF4 /* CopyFiles */ = {
			isa = PBXCopyFilesBuildPhase;
			buildActionMask = 2147483647;
			dstPath = /usr/share/man/man1/;
			dstSubfolderSpec = 0;
			files = (
			);
			runOnlyForDeploymentPostprocessing = 1;
		};
		EE80DEBC257A498D0032F7E3 /* CopyFiles */ = {
			isa = PBXCopyFilesBuildPhase;
			buildActionMask = 2147483647;
			dstPath = /usr/share/man/man1/;
			dstSubfolderSpec = 0;
			files = (
			);
			runOnlyForDeploymentPostprocessing = 1;
		};
		EEACA1842572665C0001F48B /* CopyFiles */ = {
			isa = PBXCopyFilesBuildPhase;
			buildActionMask = 2147483647;
			dstPath = /usr/share/man/man1/;
			dstSubfolderSpec = 0;
			files = (
			);
			runOnlyForDeploymentPostprocessing = 1;
		};
		EEACA1922572ACD80001F48B /* CopyFiles */ = {
			isa = PBXCopyFilesBuildPhase;
			buildActionMask = 2147483647;
			dstPath = /usr/share/man/man1/;
			dstSubfolderSpec = 0;
			files = (
			);
			runOnlyForDeploymentPostprocessing = 1;
		};
		EEC0DD2D25655296008D5D4C /* CopyFiles */ = {
			isa = PBXCopyFilesBuildPhase;
			buildActionMask = 2147483647;
			dstPath = /usr/share/man/man1/;
			dstSubfolderSpec = 0;
			files = (
			);
			runOnlyForDeploymentPostprocessing = 1;
		};
		EED28CEC25736FA6001AA875 /* CopyFiles */ = {
			isa = PBXCopyFilesBuildPhase;
			buildActionMask = 2147483647;
			dstPath = /usr/share/man/man1/;
			dstSubfolderSpec = 0;
			files = (
			);
			runOnlyForDeploymentPostprocessing = 1;
		};
		EED28CFC25737273001AA875 /* CopyFiles */ = {
			isa = PBXCopyFilesBuildPhase;
			buildActionMask = 2147483647;
			dstPath = /usr/share/man/man1/;
			dstSubfolderSpec = 0;
			files = (
			);
			runOnlyForDeploymentPostprocessing = 1;
		};
		EED28D0D2573B8A5001AA875 /* CopyFiles */ = {
			isa = PBXCopyFilesBuildPhase;
			buildActionMask = 2147483647;
			dstPath = /usr/share/man/man1/;
			dstSubfolderSpec = 0;
			files = (
			);
			runOnlyForDeploymentPostprocessing = 1;
		};
		EED28D262573DC68001AA875 /* CopyFiles */ = {
			isa = PBXCopyFilesBuildPhase;
			buildActionMask = 2147483647;
			dstPath = /usr/share/man/man1/;
			dstSubfolderSpec = 0;
			files = (
			);
			runOnlyForDeploymentPostprocessing = 1;
		};
		EED28D412573DC98001AA875 /* CopyFiles */ = {
			isa = PBXCopyFilesBuildPhase;
			buildActionMask = 2147483647;
			dstPath = /usr/share/man/man1/;
			dstSubfolderSpec = 0;
			files = (
			);
			runOnlyForDeploymentPostprocessing = 1;
		};
		EED28D5525740265001AA875 /* CopyFiles */ = {
			isa = PBXCopyFilesBuildPhase;
			buildActionMask = 2147483647;
			dstPath = /usr/share/man/man1/;
			dstSubfolderSpec = 0;
			files = (
			);
			runOnlyForDeploymentPostprocessing = 1;
		};
/* End PBXCopyFilesBuildPhase section */

/* Begin PBXFileReference section */
		EE7B9E17256511130038FEF4 /* c++ */ = {isa = PBXFileReference; explicitFileType = "compiled.mach-o.executable"; includeInIndex = 0; path = "c++"; sourceTree = BUILT_PRODUCTS_DIR; };
		EE7B9E1A256511130038FEF4 /* reverseArray.cpp */ = {isa = PBXFileReference; lastKnownFileType = sourcecode.cpp.cpp; path = reverseArray.cpp; sourceTree = "<group>"; };
		EE80DEBE257A498D0032F7E3 /* SortingTechniques */ = {isa = PBXFileReference; explicitFileType = "compiled.mach-o.executable"; includeInIndex = 0; path = SortingTechniques; sourceTree = BUILT_PRODUCTS_DIR; };
		EE80DEC0257A498D0032F7E3 /* main.cpp */ = {isa = PBXFileReference; lastKnownFileType = sourcecode.cpp.cpp; path = main.cpp; sourceTree = "<group>"; };
		EEACA1862572665C0001F48B /* Kth min and max element */ = {isa = PBXFileReference; explicitFileType = "compiled.mach-o.executable"; includeInIndex = 0; path = "Kth min and max element"; sourceTree = BUILT_PRODUCTS_DIR; };
		EEACA1882572665C0001F48B /* main.cpp */ = {isa = PBXFileReference; lastKnownFileType = sourcecode.cpp.cpp; path = main.cpp; sourceTree = "<group>"; };
		EEACA1942572ACD80001F48B /* sortProgram */ = {isa = PBXFileReference; explicitFileType = "compiled.mach-o.executable"; includeInIndex = 0; path = sortProgram; sourceTree = BUILT_PRODUCTS_DIR; };
		EEACA1962572ACD80001F48B /* main.cpp */ = {isa = PBXFileReference; lastKnownFileType = sourcecode.cpp.cpp; path = main.cpp; sourceTree = "<group>"; };
		EEC0DD2F25655296008D5D4C /* test */ = {isa = PBXFileReference; explicitFileType = "compiled.mach-o.executable"; includeInIndex = 0; path = test; sourceTree = BUILT_PRODUCTS_DIR; };
		EEC0DD3125655296008D5D4C /* minAndMax.cpp */ = {isa = PBXFileReference; lastKnownFileType = sourcecode.cpp.cpp; path = minAndMax.cpp; sourceTree = "<group>"; };
		EED28CEE25736FA6001AA875 /* MoveAllTheNegativeElements */ = {isa = PBXFileReference; explicitFileType = "compiled.mach-o.executable"; includeInIndex = 0; path = MoveAllTheNegativeElements; sourceTree = BUILT_PRODUCTS_DIR; };
		EED28CF025736FA6001AA875 /* main.cpp */ = {isa = PBXFileReference; lastKnownFileType = sourcecode.cpp.cpp; path = main.cpp; sourceTree = "<group>"; };
		EED28CFE25737273001AA875 /* UnionAndInteresection */ = {isa = PBXFileReference; explicitFileType = "compiled.mach-o.executable"; includeInIndex = 0; path = UnionAndInteresection; sourceTree = BUILT_PRODUCTS_DIR; };
		EED28D0025737273001AA875 /* main.cpp */ = {isa = PBXFileReference; lastKnownFileType = sourcecode.cpp.cpp; path = main.cpp; sourceTree = "<group>"; };
		EED28D0F2573B8A5001AA875 /* CyclicallyRotateArray */ = {isa = PBXFileReference; explicitFileType = "compiled.mach-o.executable"; includeInIndex = 0; path = CyclicallyRotateArray; sourceTree = BUILT_PRODUCTS_DIR; };
		EED28D112573B8A5001AA875 /* main.cpp */ = {isa = PBXFileReference; lastKnownFileType = sourcecode.cpp.cpp; path = main.cpp; sourceTree = "<group>"; };
		EED28D282573DC68001AA875 /* KadanesAlogorithm */ = {isa = PBXFileReference; explicitFileType = "compiled.mach-o.executable"; includeInIndex = 0; path = KadanesAlogorithm; sourceTree = BUILT_PRODUCTS_DIR; };
		EED28D432573DC98001AA875 /* MaxSubArraySumFirstProblem */ = {isa = PBXFileReference; explicitFileType = "compiled.mach-o.executable"; includeInIndex = 0; path = MaxSubArraySumFirstProblem; sourceTree = BUILT_PRODUCTS_DIR; };
		EED28D452573DC98001AA875 /* main.cpp */ = {isa = PBXFileReference; lastKnownFileType = sourcecode.cpp.cpp; path = main.cpp; sourceTree = "<group>"; };
		EED28D5725740265001AA875 /* MinimizeTheMaxdifference */ = {isa = PBXFileReference; explicitFileType = "compiled.mach-o.executable"; includeInIndex = 0; path = MinimizeTheMaxdifference; sourceTree = BUILT_PRODUCTS_DIR; };
		EED28D5925740265001AA875 /* main.cpp */ = {isa = PBXFileReference; lastKnownFileType = sourcecode.cpp.cpp; path = main.cpp; sourceTree = "<group>"; };
/* End PBXFileReference section */

/* Begin PBXFrameworksBuildPhase section */
		EE7B9E14256511130038FEF4 /* Frameworks */ = {
			isa = PBXFrameworksBuildPhase;
			buildActionMask = 2147483647;
			files = (
			);
			runOnlyForDeploymentPostprocessing = 0;
		};
		EE80DEBB257A498D0032F7E3 /* Frameworks */ = {
			isa = PBXFrameworksBuildPhase;
			buildActionMask = 2147483647;
			files = (
			);
			runOnlyForDeploymentPostprocessing = 0;
		};
		EEACA1832572665C0001F48B /* Frameworks */ = {
			isa = PBXFrameworksBuildPhase;
			buildActionMask = 2147483647;
			files = (
			);
			runOnlyForDeploymentPostprocessing = 0;
		};
		EEACA1912572ACD80001F48B /* Frameworks */ = {
			isa = PBXFrameworksBuildPhase;
			buildActionMask = 2147483647;
			files = (
			);
			runOnlyForDeploymentPostprocessing = 0;
		};
		EEC0DD2C25655296008D5D4C /* Frameworks */ = {
			isa = PBXFrameworksBuildPhase;
			buildActionMask = 2147483647;
			files = (
			);
			runOnlyForDeploymentPostprocessing = 0;
		};
		EED28CEB25736FA6001AA875 /* Frameworks */ = {
			isa = PBXFrameworksBuildPhase;
			buildActionMask = 2147483647;
			files = (
			);
			runOnlyForDeploymentPostprocessing = 0;
		};
		EED28CFB25737273001AA875 /* Frameworks */ = {
			isa = PBXFrameworksBuildPhase;
			buildActionMask = 2147483647;
			files = (
			);
			runOnlyForDeploymentPostprocessing = 0;
		};
		EED28D0C2573B8A5001AA875 /* Frameworks */ = {
			isa = PBXFrameworksBuildPhase;
			buildActionMask = 2147483647;
			files = (
			);
			runOnlyForDeploymentPostprocessing = 0;
		};
		EED28D252573DC68001AA875 /* Frameworks */ = {
			isa = PBXFrameworksBuildPhase;
			buildActionMask = 2147483647;
			files = (
			);
			runOnlyForDeploymentPostprocessing = 0;
		};
		EED28D402573DC98001AA875 /* Frameworks */ = {
			isa = PBXFrameworksBuildPhase;
			buildActionMask = 2147483647;
			files = (
			);
			runOnlyForDeploymentPostprocessing = 0;
		};
		EED28D5425740265001AA875 /* Frameworks */ = {
			isa = PBXFrameworksBuildPhase;
			buildActionMask = 2147483647;
			files = (
			);
			runOnlyForDeploymentPostprocessing = 0;
		};
/* End PBXFrameworksBuildPhase section */

/* Begin PBXGroup section */
		EE7B9E0E256511130038FEF4 = {
			isa = PBXGroup;
			children = (
				EE7B9E19256511130038FEF4 /* c++ */,
				EEC0DD3025655296008D5D4C /* test */,
				EEACA1872572665C0001F48B /* Kth min and max element */,
				EEACA1952572ACD80001F48B /* sortProgram */,
				EED28CEF25736FA6001AA875 /* MoveAllTheNegativeElements */,
				EED28CFF25737273001AA875 /* UnionAndInteresection */,
				EED28D102573B8A5001AA875 /* CyclicallyRotateArray */,
				EED28D442573DC98001AA875 /* MaxSubArraySumFirstProblem */,
				EED28D5825740265001AA875 /* MinimizeTheMaxdifference */,
				EE80DEBF257A498D0032F7E3 /* SortingTechniques */,
				EE7B9E18256511130038FEF4 /* Products */,
			);
			sourceTree = "<group>";
		};
		EE7B9E18256511130038FEF4 /* Products */ = {
			isa = PBXGroup;
			children = (
				EE7B9E17256511130038FEF4 /* c++ */,
				EEC0DD2F25655296008D5D4C /* test */,
				EEACA1862572665C0001F48B /* Kth min and max element */,
				EEACA1942572ACD80001F48B /* sortProgram */,
				EED28CEE25736FA6001AA875 /* MoveAllTheNegativeElements */,
				EED28CFE25737273001AA875 /* UnionAndInteresection */,
				EED28D0F2573B8A5001AA875 /* CyclicallyRotateArray */,
				EED28D282573DC68001AA875 /* KadanesAlogorithm */,
				EED28D432573DC98001AA875 /* MaxSubArraySumFirstProblem */,
				EED28D5725740265001AA875 /* MinimizeTheMaxdifference */,
				EE80DEBE257A498D0032F7E3 /* SortingTechniques */,
			);
			name = Products;
			sourceTree = "<group>";
		};
		EE7B9E19256511130038FEF4 /* c++ */ = {
			isa = PBXGroup;
			children = (
				EE7B9E1A256511130038FEF4 /* reverseArray.cpp */,
			);
			path = "c++";
			sourceTree = "<group>";
		};
		EE80DEBF257A498D0032F7E3 /* SortingTechniques */ = {
			isa = PBXGroup;
			children = (
				EE80DEC0257A498D0032F7E3 /* main.cpp */,
			);
			path = SortingTechniques;
			sourceTree = "<group>";
		};
		EEACA1872572665C0001F48B /* Kth min and max element */ = {
			isa = PBXGroup;
			children = (
				EEACA1882572665C0001F48B /* main.cpp */,
			);
			path = "Kth min and max element";
			sourceTree = "<group>";
		};
		EEACA1952572ACD80001F48B /* sortProgram */ = {
			isa = PBXGroup;
			children = (
				EEACA1962572ACD80001F48B /* main.cpp */,
			);
			path = sortProgram;
			sourceTree = "<group>";
		};
		EEC0DD3025655296008D5D4C /* test */ = {
			isa = PBXGroup;
			children = (
				EEC0DD3125655296008D5D4C /* minAndMax.cpp */,
			);
			path = test;
			sourceTree = "<group>";
		};
		EED28CEF25736FA6001AA875 /* MoveAllTheNegativeElements */ = {
			isa = PBXGroup;
			children = (
				EED28CF025736FA6001AA875 /* main.cpp */,
			);
			path = MoveAllTheNegativeElements;
			sourceTree = "<group>";
		};
		EED28CFF25737273001AA875 /* UnionAndInteresection */ = {
			isa = PBXGroup;
			children = (
				EED28D0025737273001AA875 /* main.cpp */,
			);
			path = UnionAndInteresection;
			sourceTree = "<group>";
		};
		EED28D102573B8A5001AA875 /* CyclicallyRotateArray */ = {
			isa = PBXGroup;
			children = (
				EED28D112573B8A5001AA875 /* main.cpp */,
			);
			path = CyclicallyRotateArray;
			sourceTree = "<group>";
		};
		EED28D442573DC98001AA875 /* MaxSubArraySumFirstProblem */ = {
			isa = PBXGroup;
			children = (
				EED28D452573DC98001AA875 /* main.cpp */,
			);
			path = MaxSubArraySumFirstProblem;
			sourceTree = "<group>";
		};
		EED28D5825740265001AA875 /* MinimizeTheMaxdifference */ = {
			isa = PBXGroup;
			children = (
				EED28D5925740265001AA875 /* main.cpp */,
			);
			path = MinimizeTheMaxdifference;
			sourceTree = "<group>";
		};
/* End PBXGroup section */

/* Begin PBXNativeTarget section */
		EE7B9E16256511130038FEF4 /* c++ */ = {
			isa = PBXNativeTarget;
			buildConfigurationList = EE7B9E1E256511130038FEF4 /* Build configuration list for PBXNativeTarget "c++" */;
			buildPhases = (
				EE7B9E13256511130038FEF4 /* Sources */,
				EE7B9E14256511130038FEF4 /* Frameworks */,
				EE7B9E15256511130038FEF4 /* CopyFiles */,
			);
			buildRules = (
				EEC0DD182565512B008D5D4C /* PBXBuildRule */,
			);
			dependencies = (
			);
			name = "c++";
			productName = "c++";
			productReference = EE7B9E17256511130038FEF4 /* c++ */;
			productType = "com.apple.product-type.tool";
		};
		EE80DEBD257A498D0032F7E3 /* SortingTechniques */ = {
			isa = PBXNativeTarget;
			buildConfigurationList = EE80DEC4257A498D0032F7E3 /* Build configuration list for PBXNativeTarget "SortingTechniques" */;
			buildPhases = (
				EE80DEBA257A498D0032F7E3 /* Sources */,
				EE80DEBB257A498D0032F7E3 /* Frameworks */,
				EE80DEBC257A498D0032F7E3 /* CopyFiles */,
			);
			buildRules = (
			);
			dependencies = (
			);
			name = SortingTechniques;
			productName = SortingTechniques;
			productReference = EE80DEBE257A498D0032F7E3 /* SortingTechniques */;
			productType = "com.apple.product-type.tool";
		};
		EEACA1852572665C0001F48B /* Kth min and max element */ = {
			isa = PBXNativeTarget;
			buildConfigurationList = EEACA18C2572665C0001F48B /* Build configuration list for PBXNativeTarget "Kth min and max element" */;
			buildPhases = (
				EEACA1822572665C0001F48B /* Sources */,
				EEACA1832572665C0001F48B /* Frameworks */,
				EEACA1842572665C0001F48B /* CopyFiles */,
			);
			buildRules = (
			);
			dependencies = (
			);
			name = "Kth min and max element";
			productName = "Kth min and max element";
			productReference = EEACA1862572665C0001F48B /* Kth min and max element */;
			productType = "com.apple.product-type.tool";
		};
		EEACA1932572ACD80001F48B /* sortProgram */ = {
			isa = PBXNativeTarget;
			buildConfigurationList = EEACA1982572ACD80001F48B /* Build configuration list for PBXNativeTarget "sortProgram" */;
			buildPhases = (
				EEACA1902572ACD80001F48B /* Sources */,
				EEACA1912572ACD80001F48B /* Frameworks */,
				EEACA1922572ACD80001F48B /* CopyFiles */,
			);
			buildRules = (
			);
			dependencies = (
			);
			name = sortProgram;
			productName = sortProgram;
			productReference = EEACA1942572ACD80001F48B /* sortProgram */;
			productType = "com.apple.product-type.tool";
		};
		EEC0DD2E25655296008D5D4C /* test */ = {
			isa = PBXNativeTarget;
			buildConfigurationList = EEC0DD3325655296008D5D4C /* Build configuration list for PBXNativeTarget "test" */;
			buildPhases = (
				EEC0DD2B25655296008D5D4C /* Sources */,
				EEC0DD2C25655296008D5D4C /* Frameworks */,
				EEC0DD2D25655296008D5D4C /* CopyFiles */,
			);
			buildRules = (
			);
			dependencies = (
			);
			name = test;
			productName = test;
			productReference = EEC0DD2F25655296008D5D4C /* test */;
			productType = "com.apple.product-type.tool";
		};
		EED28CED25736FA6001AA875 /* MoveAllTheNegativeElements */ = {
			isa = PBXNativeTarget;
			buildConfigurationList = EED28CF425736FA6001AA875 /* Build configuration list for PBXNativeTarget "MoveAllTheNegativeElements" */;
			buildPhases = (
				EED28CEA25736FA6001AA875 /* Sources */,
				EED28CEB25736FA6001AA875 /* Frameworks */,
				EED28CEC25736FA6001AA875 /* CopyFiles */,
			);
			buildRules = (
			);
			dependencies = (
			);
			name = MoveAllTheNegativeElements;
			productName = MoveAllTheNegativeElements;
			productReference = EED28CEE25736FA6001AA875 /* MoveAllTheNegativeElements */;
			productType = "com.apple.product-type.tool";
		};
		EED28CFD25737273001AA875 /* UnionAndInteresection */ = {
			isa = PBXNativeTarget;
			buildConfigurationList = EED28D0225737273001AA875 /* Build configuration list for PBXNativeTarget "UnionAndInteresection" */;
			buildPhases = (
				EED28CFA25737273001AA875 /* Sources */,
				EED28CFB25737273001AA875 /* Frameworks */,
				EED28CFC25737273001AA875 /* CopyFiles */,
			);
			buildRules = (
			);
			dependencies = (
			);
			name = UnionAndInteresection;
			productName = UnionAndInteresection;
			productReference = EED28CFE25737273001AA875 /* UnionAndInteresection */;
			productType = "com.apple.product-type.tool";
		};
		EED28D0E2573B8A5001AA875 /* CyclicallyRotateArray */ = {
			isa = PBXNativeTarget;
			buildConfigurationList = EED28D132573B8A6001AA875 /* Build configuration list for PBXNativeTarget "CyclicallyRotateArray" */;
			buildPhases = (
				EED28D0B2573B8A5001AA875 /* Sources */,
				EED28D0C2573B8A5001AA875 /* Frameworks */,
				EED28D0D2573B8A5001AA875 /* CopyFiles */,
			);
			buildRules = (
			);
			dependencies = (
			);
			name = CyclicallyRotateArray;
			productName = CyclicallyRotateArray;
			productReference = EED28D0F2573B8A5001AA875 /* CyclicallyRotateArray */;
			productType = "com.apple.product-type.tool";
		};
		EED28D272573DC68001AA875 /* KadanesAlogorithm */ = {
			isa = PBXNativeTarget;
			buildConfigurationList = EED28D2E2573DC68001AA875 /* Build configuration list for PBXNativeTarget "KadanesAlogorithm" */;
			buildPhases = (
				EED28D242573DC68001AA875 /* Sources */,
				EED28D252573DC68001AA875 /* Frameworks */,
				EED28D262573DC68001AA875 /* CopyFiles */,
			);
			buildRules = (
			);
			dependencies = (
			);
			name = KadanesAlogorithm;
			productName = KadanesAlogorithm;
			productReference = EED28D282573DC68001AA875 /* KadanesAlogorithm */;
			productType = "com.apple.product-type.tool";
		};
		EED28D422573DC98001AA875 /* MaxSubArraySumFirstProblem */ = {
			isa = PBXNativeTarget;
			buildConfigurationList = EED28D472573DC98001AA875 /* Build configuration list for PBXNativeTarget "MaxSubArraySumFirstProblem" */;
			buildPhases = (
				EED28D3F2573DC98001AA875 /* Sources */,
				EED28D402573DC98001AA875 /* Frameworks */,
				EED28D412573DC98001AA875 /* CopyFiles */,
			);
			buildRules = (
			);
			dependencies = (
			);
			name = MaxSubArraySumFirstProblem;
			productName = MaxSubArraySumFirstProblem;
			productReference = EED28D432573DC98001AA875 /* MaxSubArraySumFirstProblem */;
			productType = "com.apple.product-type.tool";
		};
		EED28D5625740265001AA875 /* MinimizeTheMaxdifference */ = {
			isa = PBXNativeTarget;
			buildConfigurationList = EED28D5B25740265001AA875 /* Build configuration list for PBXNativeTarget "MinimizeTheMaxdifference" */;
			buildPhases = (
				EED28D5325740265001AA875 /* Sources */,
				EED28D5425740265001AA875 /* Frameworks */,
				EED28D5525740265001AA875 /* CopyFiles */,
			);
			buildRules = (
			);
			dependencies = (
			);
			name = MinimizeTheMaxdifference;
			productName = MinimizeTheMaxdifference;
			productReference = EED28D5725740265001AA875 /* MinimizeTheMaxdifference */;
			productType = "com.apple.product-type.tool";
		};
/* End PBXNativeTarget section */

/* Begin PBXProject section */
		EE7B9E0F256511130038FEF4 /* Project object */ = {
			isa = PBXProject;
			attributes = {
				LastUpgradeCheck = 1220;
				TargetAttributes = {
					EE7B9E16256511130038FEF4 = {
						CreatedOnToolsVersion = 12.2;
					};
					EE80DEBD257A498D0032F7E3 = {
						CreatedOnToolsVersion = 12.2;
					};
					EEACA1852572665C0001F48B = {
						CreatedOnToolsVersion = 12.2;
					};
					EEACA1932572ACD80001F48B = {
						CreatedOnToolsVersion = 12.2;
					};
					EEC0DD2E25655296008D5D4C = {
						CreatedOnToolsVersion = 12.2;
					};
					EED28CED25736FA6001AA875 = {
						CreatedOnToolsVersion = 12.2;
					};
					EED28CFD25737273001AA875 = {
						CreatedOnToolsVersion = 12.2;
					};
					EED28D0E2573B8A5001AA875 = {
						CreatedOnToolsVersion = 12.2;
					};
					EED28D272573DC68001AA875 = {
						CreatedOnToolsVersion = 12.2;
					};
					EED28D422573DC98001AA875 = {
						CreatedOnToolsVersion = 12.2;
					};
					EED28D5625740265001AA875 = {
						CreatedOnToolsVersion = 12.2;
					};
				};
			};
			buildConfigurationList = EE7B9E12256511130038FEF4 /* Build configuration list for PBXProject "c++" */;
			compatibilityVersion = "Xcode 9.3";
			developmentRegion = en;
			hasScannedForEncodings = 0;
			knownRegions = (
				en,
				Base,
			);
			mainGroup = EE7B9E0E256511130038FEF4;
			productRefGroup = EE7B9E18256511130038FEF4 /* Products */;
			projectDirPath = "";
			projectRoot = "";
			targets = (
				EE7B9E16256511130038FEF4 /* c++ */,
				EEC0DD2E25655296008D5D4C /* test */,
				EEACA1852572665C0001F48B /* Kth min and max element */,
				EEACA1932572ACD80001F48B /* sortProgram */,
				EED28CED25736FA6001AA875 /* MoveAllTheNegativeElements */,
				EED28CFD25737273001AA875 /* UnionAndInteresection */,
				EED28D0E2573B8A5001AA875 /* CyclicallyRotateArray */,
				EED28D272573DC68001AA875 /* KadanesAlogorithm */,
				EED28D422573DC98001AA875 /* MaxSubArraySumFirstProblem */,
				EED28D5625740265001AA875 /* MinimizeTheMaxdifference */,
				EE80DEBD257A498D0032F7E3 /* SortingTechniques */,
			);
		};
/* End PBXProject section */

/* Begin PBXSourcesBuildPhase section */
		EE7B9E13256511130038FEF4 /* Sources */ = {
			isa = PBXSourcesBuildPhase;
			buildActionMask = 2147483647;
			files = (
				EE7B9E1B256511130038FEF4 /* reverseArray.cpp in Sources */,
			);
			runOnlyForDeploymentPostprocessing = 0;
		};
		EE80DEBA257A498D0032F7E3 /* Sources */ = {
			isa = PBXSourcesBuildPhase;
			buildActionMask = 2147483647;
			files = (
				EE80DEC1257A498D0032F7E3 /* main.cpp in Sources */,
			);
			runOnlyForDeploymentPostprocessing = 0;
		};
		EEACA1822572665C0001F48B /* Sources */ = {
			isa = PBXSourcesBuildPhase;
			buildActionMask = 2147483647;
			files = (
				EEACA1892572665C0001F48B /* main.cpp in Sources */,
			);
			runOnlyForDeploymentPostprocessing = 0;
		};
		EEACA1902572ACD80001F48B /* Sources */ = {
			isa = PBXSourcesBuildPhase;
			buildActionMask = 2147483647;
			files = (
				EEACA1972572ACD80001F48B /* main.cpp in Sources */,
			);
			runOnlyForDeploymentPostprocessing = 0;
		};
		EEC0DD2B25655296008D5D4C /* Sources */ = {
			isa = PBXSourcesBuildPhase;
			buildActionMask = 2147483647;
			files = (
				EEC0DD3225655296008D5D4C /* minAndMax.cpp in Sources */,
			);
			runOnlyForDeploymentPostprocessing = 0;
		};
		EED28CEA25736FA6001AA875 /* Sources */ = {
			isa = PBXSourcesBuildPhase;
			buildActionMask = 2147483647;
			files = (
				EED28CF125736FA6001AA875 /* main.cpp in Sources */,
			);
			runOnlyForDeploymentPostprocessing = 0;
		};
		EED28CFA25737273001AA875 /* Sources */ = {
			isa = PBXSourcesBuildPhase;
			buildActionMask = 2147483647;
			files = (
				EED28D0125737273001AA875 /* main.cpp in Sources */,
			);
			runOnlyForDeploymentPostprocessing = 0;
		};
		EED28D0B2573B8A5001AA875 /* Sources */ = {
			isa = PBXSourcesBuildPhase;
			buildActionMask = 2147483647;
			files = (
				EED28D122573B8A5001AA875 /* main.cpp in Sources */,
			);
			runOnlyForDeploymentPostprocessing = 0;
		};
		EED28D242573DC68001AA875 /* Sources */ = {
			isa = PBXSourcesBuildPhase;
			buildActionMask = 2147483647;
			files = (
			);
			runOnlyForDeploymentPostprocessing = 0;
		};
		EED28D3F2573DC98001AA875 /* Sources */ = {
			isa = PBXSourcesBuildPhase;
			buildActionMask = 2147483647;
			files = (
				EED28D462573DC98001AA875 /* main.cpp in Sources */,
			);
			runOnlyForDeploymentPostprocessing = 0;
		};
		EED28D5325740265001AA875 /* Sources */ = {
			isa = PBXSourcesBuildPhase;
			buildActionMask = 2147483647;
			files = (
				EED28D5A25740265001AA875 /* main.cpp in Sources */,
			);
			runOnlyForDeploymentPostprocessing = 0;
		};
/* End PBXSourcesBuildPhase section */

/* Begin XCBuildConfiguration section */
		EE7B9E1C256511130038FEF4 /* Debug */ = {
			isa = XCBuildConfiguration;
			buildSettings = {
				ALWAYS_SEARCH_USER_PATHS = NO;
				CLANG_ANALYZER_NONNULL = YES;
				CLANG_ANALYZER_NUMBER_OBJECT_CONVERSION = YES_AGGRESSIVE;
				CLANG_CXX_LANGUAGE_STANDARD = "gnu++14";
				CLANG_CXX_LIBRARY = "libc++";
				CLANG_ENABLE_MODULES = YES;
				CLANG_ENABLE_OBJC_ARC = YES;
				CLANG_ENABLE_OBJC_WEAK = YES;
				CLANG_WARN_BLOCK_CAPTURE_AUTORELEASING = YES;
				CLANG_WARN_BOOL_CONVERSION = YES;
				CLANG_WARN_COMMA = YES;
				CLANG_WARN_CONSTANT_CONVERSION = YES;
				CLANG_WARN_DEPRECATED_OBJC_IMPLEMENTATIONS = YES;
				CLANG_WARN_DIRECT_OBJC_ISA_USAGE = YES_ERROR;
				CLANG_WARN_DOCUMENTATION_COMMENTS = YES;
				CLANG_WARN_EMPTY_BODY = YES;
				CLANG_WARN_ENUM_CONVERSION = YES;
				CLANG_WARN_INFINITE_RECURSION = YES;
				CLANG_WARN_INT_CONVERSION = YES;
				CLANG_WARN_NON_LITERAL_NULL_CONVERSION = YES;
				CLANG_WARN_OBJC_IMPLICIT_RETAIN_SELF = YES;
				CLANG_WARN_OBJC_LITERAL_CONVERSION = YES;
				CLANG_WARN_OBJC_ROOT_CLASS = YES_ERROR;
				CLANG_WARN_QUOTED_INCLUDE_IN_FRAMEWORK_HEADER = YES;
				CLANG_WARN_RANGE_LOOP_ANALYSIS = YES;
				CLANG_WARN_STRICT_PROTOTYPES = YES;
				CLANG_WARN_SUSPICIOUS_MOVE = YES;
				CLANG_WARN_UNGUARDED_AVAILABILITY = YES_AGGRESSIVE;
				CLANG_WARN_UNREACHABLE_CODE = YES;
				CLANG_WARN__DUPLICATE_METHOD_MATCH = YES;
				COPY_PHASE_STRIP = NO;
				DEBUG_INFORMATION_FORMAT = dwarf;
				ENABLE_STRICT_OBJC_MSGSEND = YES;
				ENABLE_TESTABILITY = YES;
				GCC_C_LANGUAGE_STANDARD = gnu11;
				GCC_DYNAMIC_NO_PIC = NO;
				GCC_NO_COMMON_BLOCKS = YES;
				GCC_OPTIMIZATION_LEVEL = 0;
				GCC_PREPROCESSOR_DEFINITIONS = (
					"DEBUG=1",
					"$(inherited)",
				);
				GCC_WARN_64_TO_32_BIT_CONVERSION = YES;
				GCC_WARN_ABOUT_RETURN_TYPE = YES_ERROR;
				GCC_WARN_UNDECLARED_SELECTOR = YES;
				GCC_WARN_UNINITIALIZED_AUTOS = YES_AGGRESSIVE;
				GCC_WARN_UNUSED_FUNCTION = YES;
				GCC_WARN_UNUSED_VARIABLE = YES;
				MACOSX_DEPLOYMENT_TARGET = 11.0;
				MTL_ENABLE_DEBUG_INFO = INCLUDE_SOURCE;
				MTL_FAST_MATH = YES;
				ONLY_ACTIVE_ARCH = YES;
				SDKROOT = macosx;
			};
			name = Debug;
		};
		EE7B9E1D256511130038FEF4 /* Release */ = {
			isa = XCBuildConfiguration;
			buildSettings = {
				ALWAYS_SEARCH_USER_PATHS = NO;
				CLANG_ANALYZER_NONNULL = YES;
				CLANG_ANALYZER_NUMBER_OBJECT_CONVERSION = YES_AGGRESSIVE;
				CLANG_CXX_LANGUAGE_STANDARD = "gnu++14";
				CLANG_CXX_LIBRARY = "libc++";
				CLANG_ENABLE_MODULES = YES;
				CLANG_ENABLE_OBJC_ARC = YES;
				CLANG_ENABLE_OBJC_WEAK = YES;
				CLANG_WARN_BLOCK_CAPTURE_AUTORELEASING = YES;
				CLANG_WARN_BOOL_CONVERSION = YES;
				CLANG_WARN_COMMA = YES;
				CLANG_WARN_CONSTANT_CONVERSION = YES;
				CLANG_WARN_DEPRECATED_OBJC_IMPLEMENTATIONS = YES;
				CLANG_WARN_DIRECT_OBJC_ISA_USAGE = YES_ERROR;
				CLANG_WARN_DOCUMENTATION_COMMENTS = YES;
				CLANG_WARN_EMPTY_BODY = YES;
				CLANG_WARN_ENUM_CONVERSION = YES;
				CLANG_WARN_INFINITE_RECURSION = YES;
				CLANG_WARN_INT_CONVERSION = YES;
				CLANG_WARN_NON_LITERAL_NULL_CONVERSION = YES;
				CLANG_WARN_OBJC_IMPLICIT_RETAIN_SELF = YES;
				CLANG_WARN_OBJC_LITERAL_CONVERSION = YES;
				CLANG_WARN_OBJC_ROOT_CLASS = YES_ERROR;
				CLANG_WARN_QUOTED_INCLUDE_IN_FRAMEWORK_HEADER = YES;
				CLANG_WARN_RANGE_LOOP_ANALYSIS = YES;
				CLANG_WARN_STRICT_PROTOTYPES = YES;
				CLANG_WARN_SUSPICIOUS_MOVE = YES;
				CLANG_WARN_UNGUARDED_AVAILABILITY = YES_AGGRESSIVE;
				CLANG_WARN_UNREACHABLE_CODE = YES;
				CLANG_WARN__DUPLICATE_METHOD_MATCH = YES;
				COPY_PHASE_STRIP = NO;
				DEBUG_INFORMATION_FORMAT = "dwarf-with-dsym";
				ENABLE_NS_ASSERTIONS = NO;
				ENABLE_STRICT_OBJC_MSGSEND = YES;
				GCC_C_LANGUAGE_STANDARD = gnu11;
				GCC_NO_COMMON_BLOCKS = YES;
				GCC_WARN_64_TO_32_BIT_CONVERSION = YES;
				GCC_WARN_ABOUT_RETURN_TYPE = YES_ERROR;
				GCC_WARN_UNDECLARED_SELECTOR = YES;
				GCC_WARN_UNINITIALIZED_AUTOS = YES_AGGRESSIVE;
				GCC_WARN_UNUSED_FUNCTION = YES;
				GCC_WARN_UNUSED_VARIABLE = YES;
				MACOSX_DEPLOYMENT_TARGET = 11.0;
				MTL_ENABLE_DEBUG_INFO = NO;
				MTL_FAST_MATH = YES;
				SDKROOT = macosx;
			};
			name = Release;
		};
		EE7B9E1F256511130038FEF4 /* Debug */ = {
			isa = XCBuildConfiguration;
			buildSettings = {
				CODE_SIGN_STYLE = Automatic;
				PRODUCT_NAME = "$(TARGET_NAME)";
			};
			name = Debug;
		};
		EE7B9E20256511130038FEF4 /* Release */ = {
			isa = XCBuildConfiguration;
			buildSettings = {
				CODE_SIGN_STYLE = Automatic;
				PRODUCT_NAME = "$(TARGET_NAME)";
			};
			name = Release;
		};
		EE80DEC2257A498D0032F7E3 /* Debug */ = {
			isa = XCBuildConfiguration;
			buildSettings = {
				CODE_SIGN_STYLE = Automatic;
				PRODUCT_NAME = "$(TARGET_NAME)";
			};
			name = Debug;
		};
		EE80DEC3257A498D0032F7E3 /* Release */ = {
			isa = XCBuildConfiguration;
			buildSettings = {
				CODE_SIGN_STYLE = Automatic;
				PRODUCT_NAME = "$(TARGET_NAME)";
			};
			name = Release;
		};
		EEACA18A2572665C0001F48B /* Debug */ = {
			isa = XCBuildConfiguration;
			buildSettings = {
				CODE_SIGN_STYLE = Automatic;
				PRODUCT_NAME = "$(TARGET_NAME)";
			};
			name = Debug;
		};
		EEACA18B2572665C0001F48B /* Release */ = {
			isa = XCBuildConfiguration;
			buildSettings = {
				CODE_SIGN_STYLE = Automatic;
				PRODUCT_NAME = "$(TARGET_NAME)";
			};
			name = Release;
		};
		EEACA1992572ACD80001F48B /* Debug */ = {
			isa = XCBuildConfiguration;
			buildSettings = {
				CODE_SIGN_STYLE = Automatic;
				PRODUCT_NAME = "$(TARGET_NAME)";
			};
			name = Debug;
		};
		EEACA19A2572ACD80001F48B /* Release */ = {
			isa = XCBuildConfiguration;
			buildSettings = {
				CODE_SIGN_STYLE = Automatic;
				PRODUCT_NAME = "$(TARGET_NAME)";
			};
			name = Release;
		};
		EEC0DD3425655296008D5D4C /* Debug */ = {
			isa = XCBuildConfiguration;
			buildSettings = {
				CODE_SIGN_STYLE = Automatic;
				PRODUCT_NAME = "$(TARGET_NAME)";
			};
			name = Debug;
		};
		EEC0DD3525655296008D5D4C /* Release */ = {
			isa = XCBuildConfiguration;
			buildSettings = {
				CODE_SIGN_STYLE = Automatic;
				PRODUCT_NAME = "$(TARGET_NAME)";
			};
			name = Release;
		};
		EED28CF225736FA6001AA875 /* Debug */ = {
			isa = XCBuildConfiguration;
			buildSettings = {
				CODE_SIGN_STYLE = Automatic;
				PRODUCT_NAME = "$(TARGET_NAME)";
			};
			name = Debug;
		};
		EED28CF325736FA6001AA875 /* Release */ = {
			isa = XCBuildConfiguration;
			buildSettings = {
				CODE_SIGN_STYLE = Automatic;
				PRODUCT_NAME = "$(TARGET_NAME)";
			};
			name = Release;
		};
		EED28D0325737273001AA875 /* Debug */ = {
			isa = XCBuildConfiguration;
			buildSettings = {
				CODE_SIGN_STYLE = Automatic;
				PRODUCT_NAME = "$(TARGET_NAME)";
			};
			name = Debug;
		};
		EED28D0425737273001AA875 /* Release */ = {
			isa = XCBuildConfiguration;
			buildSettings = {
				CODE_SIGN_STYLE = Automatic;
				PRODUCT_NAME = "$(TARGET_NAME)";
			};
			name = Release;
		};
		EED28D142573B8A6001AA875 /* Debug */ = {
			isa = XCBuildConfiguration;
			buildSettings = {
				CODE_SIGN_STYLE = Automatic;
				PRODUCT_NAME = "$(TARGET_NAME)";
			};
			name = Debug;
		};
		EED28D152573B8A6001AA875 /* Release */ = {
			isa = XCBuildConfiguration;
			buildSettings = {
				CODE_SIGN_STYLE = Automatic;
				PRODUCT_NAME = "$(TARGET_NAME)";
			};
			name = Release;
		};
		EED28D2C2573DC68001AA875 /* Debug */ = {
			isa = XCBuildConfiguration;
			buildSettings = {
				CODE_SIGN_STYLE = Automatic;
				PRODUCT_NAME = "$(TARGET_NAME)";
			};
			name = Debug;
		};
		EED28D2D2573DC68001AA875 /* Release */ = {
			isa = XCBuildConfiguration;
			buildSettings = {
				CODE_SIGN_STYLE = Automatic;
				PRODUCT_NAME = "$(TARGET_NAME)";
			};
			name = Release;
		};
		EED28D482573DC98001AA875 /* Debug */ = {
			isa = XCBuildConfiguration;
			buildSettings = {
				CODE_SIGN_STYLE = Automatic;
				PRODUCT_NAME = "$(TARGET_NAME)";
			};
			name = Debug;
		};
		EED28D492573DC98001AA875 /* Release */ = {
			isa = XCBuildConfiguration;
			buildSettings = {
				CODE_SIGN_STYLE = Automatic;
				PRODUCT_NAME = "$(TARGET_NAME)";
			};
			name = Release;
		};
		EED28D5C25740265001AA875 /* Debug */ = {
			isa = XCBuildConfiguration;
			buildSettings = {
				CODE_SIGN_STYLE = Automatic;
				PRODUCT_NAME = "$(TARGET_NAME)";
			};
			name = Debug;
		};
		EED28D5D25740265001AA875 /* Release */ = {
			isa = XCBuildConfiguration;
			buildSettings = {
				CODE_SIGN_STYLE = Automatic;
				PRODUCT_NAME = "$(TARGET_NAME)";
			};
			name = Release;
		};
/* End XCBuildConfiguration section */

/* Begin XCConfigurationList section */
		EE7B9E12256511130038FEF4 /* Build configuration list for PBXProject "c++" */ = {
			isa = XCConfigurationList;
			buildConfigurations = (
				EE7B9E1C256511130038FEF4 /* Debug */,
				EE7B9E1D256511130038FEF4 /* Release */,
			);
			defaultConfigurationIsVisible = 0;
			defaultConfigurationName = Release;
		};
		EE7B9E1E256511130038FEF4 /* Build configuration list for PBXNativeTarget "c++" */ = {
			isa = XCConfigurationList;
			buildConfigurations = (
				EE7B9E1F256511130038FEF4 /* Debug */,
				EE7B9E20256511130038FEF4 /* Release */,
			);
			defaultConfigurationIsVisible = 0;
			defaultConfigurationName = Release;
		};
		EE80DEC4257A498D0032F7E3 /* Build configuration list for PBXNativeTarget "SortingTechniques" */ = {
			isa = XCConfigurationList;
			buildConfigurations = (
				EE80DEC2257A498D0032F7E3 /* Debug */,
				EE80DEC3257A498D0032F7E3 /* Release */,
			);
			defaultConfigurationIsVisible = 0;
			defaultConfigurationName = Release;
		};
		EEACA18C2572665C0001F48B /* Build configuration list for PBXNativeTarget "Kth min and max element" */ = {
			isa = XCConfigurationList;
			buildConfigurations = (
				EEACA18A2572665C0001F48B /* Debug */,
				EEACA18B2572665C0001F48B /* Release */,
			);
			defaultConfigurationIsVisible = 0;
			defaultConfigurationName = Release;
		};
		EEACA1982572ACD80001F48B /* Build configuration list for PBXNativeTarget "sortProgram" */ = {
			isa = XCConfigurationList;
			buildConfigurations = (
				EEACA1992572ACD80001F48B /* Debug */,
				EEACA19A2572ACD80001F48B /* Release */,
			);
			defaultConfigurationIsVisible = 0;
			defaultConfigurationName = Release;
		};
		EEC0DD3325655296008D5D4C /* Build configuration list for PBXNativeTarget "test" */ = {
			isa = XCConfigurationList;
			buildConfigurations = (
				EEC0DD3425655296008D5D4C /* Debug */,
				EEC0DD3525655296008D5D4C /* Release */,
			);
			defaultConfigurationIsVisible = 0;
			defaultConfigurationName = Release;
		};
		EED28CF425736FA6001AA875 /* Build configuration list for PBXNativeTarget "MoveAllTheNegativeElements" */ = {
			isa = XCConfigurationList;
			buildConfigurations = (
				EED28CF225736FA6001AA875 /* Debug */,
				EED28CF325736FA6001AA875 /* Release */,
			);
			defaultConfigurationIsVisible = 0;
			defaultConfigurationName = Release;
		};
		EED28D0225737273001AA875 /* Build configuration list for PBXNativeTarget "UnionAndInteresection" */ = {
			isa = XCConfigurationList;
			buildConfigurations = (
				EED28D0325737273001AA875 /* Debug */,
				EED28D0425737273001AA875 /* Release */,
			);
			defaultConfigurationIsVisible = 0;
			defaultConfigurationName = Release;
		};
		EED28D132573B8A6001AA875 /* Build configuration list for PBXNativeTarget "CyclicallyRotateArray" */ = {
			isa = XCConfigurationList;
			buildConfigurations = (
				EED28D142573B8A6001AA875 /* Debug */,
				EED28D152573B8A6001AA875 /* Release */,
			);
			defaultConfigurationIsVisible = 0;
			defaultConfigurationName = Release;
		};
		EED28D2E2573DC68001AA875 /* Build configuration list for PBXNativeTarget "KadanesAlogorithm" */ = {
			isa = XCConfigurationList;
			buildConfigurations = (
				EED28D2C2573DC68001AA875 /* Debug */,
				EED28D2D2573DC68001AA875 /* Release */,
			);
			defaultConfigurationIsVisible = 0;
			defaultConfigurationName = Release;
		};
		EED28D472573DC98001AA875 /* Build configuration list for PBXNativeTarget "MaxSubArraySumFirstProblem" */ = {
			isa = XCConfigurationList;
			buildConfigurations = (
				EED28D482573DC98001AA875 /* Debug */,
				EED28D492573DC98001AA875 /* Release */,
			);
			defaultConfigurationIsVisible = 0;
			defaultConfigurationName = Release;
		};
		EED28D5B25740265001AA875 /* Build configuration list for PBXNativeTarget "MinimizeTheMaxdifference" */ = {
			isa = XCConfigurationList;
			buildConfigurations = (
				EED28D5C25740265001AA875 /* Debug */,
				EED28D5D25740265001AA875 /* Release */,
			);
			defaultConfigurationIsVisible = 0;
			defaultConfigurationName = Release;
		};
/* End XCConfigurationList section */
	};
	rootObject = EE7B9E0F256511130038FEF4 /* Project object */;
}
